
Microsoft Visual Studio Solution File, Format Version 12.00
# Visual Studio Version 17
VisualStudioVersion = 17.9.34728.123
MinimumVisualStudioVersion = 10.0.40219.1
Project("{FAE04EC0-301F-11D3-BF4B-00C04F79EFBC}") = "SalesWebMvc", "SalesWebMvc\SalesWebMvc.csproj", "{CBD6E52B-C8C3-4084-A62C-D5CC2CDF845E}"
EndProject
Global
	GlobalSection(SolutionConfigurationPlatforms) = preSolution
		Debug|Any CPU = Debug|Any CPU
		Release|Any CPU = Release|Any CPU
	EndGlobalSection
	GlobalSection(ProjectConfigurationPlatforms) = postSolution
		{CBD6E52B-C8C3-4084-A62C-D5CC2CDF845E}.Debug|Any CPU.ActiveCfg = Debug|Any CPU
		{CBD6E52B-C8C3-4084-A62C-D5CC2CDF845E}.Debug|Any CPU.Build.0 = Debug|Any CPU
		{CBD6E52B-C8C3-4084-A62C-D5CC2CDF845E}.Release|Any CPU.ActiveCfg = Release|Any CPU
		{CBD6E52B-C8C3-4084-A62C-D5CC2CDF845E}.Release|Any CPU.Build.0 = Release|Any CPU
	EndGlobalSection
	GlobalSection(SolutionProperties) = preSolution
		HideSolutionNode = FALSE
	EndGlobalSection
	GlobalSection(ExtensibilityGlobals) = postSolution
		SolutionGuid = {3B04031C-788C-4870-97E2-A606839D4425}
	EndGlobalSection
EndGlobal
